// !$*UTF8*$!
{
	archiveVersion = 1;
	classes = {
	};
	objectVersion = 60;
	objects = {

/* Begin PBXBuildFile section */
		0254E98C879735D43C827606 /* Foundation.framework in Frameworks */ = {isa = PBXBuildFile; fileRef = FBBC6ACACE2EEBD85CEBC393 /* Foundation.framework */; };
		05D796CFC76FB6BB619BD122 /* VoiceView.swift in Sources */ = {isa = PBXBuildFile; fileRef = D25093D58DE4A256F1126407 /* VoiceView.swift */; };
		0611DE626BEA95733CC6064C /* PureTypeWatchWidget.appex in Embed Foundation Extensions */ = {isa = PBXBuildFile; fileRef = 5F8F4E80A1F637230918137F /* PureTypeWatchWidget.appex */; settings = {ATTRIBUTES = (RemoveHeadersOnCopy, ); }; };
		1DA90A28264778B09BD9A502 /* PureTypeWidget.swift in Sources */ = {isa = PBXBuildFile; fileRef = 2254B133643F460289E005D9 /* PureTypeWidget.swift */; };
		2CB4BEEC7C4526E4053C3E1D /* AddTaskView.swift in Sources */ = {isa = PBXBuildFile; fileRef = 46FAAF8F15FD6DDC8B580F75 /* AddTaskView.swift */; };
		2FAD9763203C412B000D30F8 /* config.xml in Resources */ = {isa = PBXBuildFile; fileRef = 2FAD9762203C412B000D30F8 /* config.xml */; };
		4D22ABE92AF431CB00220026 /* CapApp-SPM in Frameworks */ = {isa = PBXBuildFile; productRef = 4D22ABE82AF431CB00220026 /* CapApp-SPM */; };
		50379B232058CBB4000EE86E /* capacitor.config.json in Resources */ = {isa = PBXBuildFile; fileRef = 50379B222058CBB4000EE86E /* capacitor.config.json */; };
		504EC3081FED79650016851F /* AppDelegate.swift in Sources */ = {isa = PBXBuildFile; fileRef = 504EC3071FED79650016851F /* AppDelegate.swift */; };
		504EC30D1FED79650016851F /* Main.storyboard in Resources */ = {isa = PBXBuildFile; fileRef = 504EC30B1FED79650016851F /* Main.storyboard */; };
		504EC30F1FED79650016851F /* Assets.xcassets in Resources */ = {isa = PBXBuildFile; fileRef = 504EC30E1FED79650016851F /* Assets.xcassets */; };
		504EC3121FED79650016851F /* LaunchScreen.storyboard in Resources */ = {isa = PBXBuildFile; fileRef = 504EC3101FED79650016851F /* LaunchScreen.storyboard */; };
		50B271D11FEDC1A000F3C39B /* public in Resources */ = {isa = PBXBuildFile; fileRef = 50B271D01FEDC1A000F3C39B /* public */; };
		5F28A420AC74FBB273F0EBDF /* Assets.xcassets in Resources */ = {isa = PBXBuildFile; fileRef = 0D9460DBD57F1B2570E4EA9C /* Assets.xcassets */; };
		66F1796345DA9DBC6F6D1D1F /* PureTypeWatchApp.swift in Sources */ = {isa = PBXBuildFile; fileRef = 1F2EFD5D066700C36F70671F /* PureTypeWatchApp.swift */; };
		7B31BD505CFBA264AF1E53E8 /* StoreKitPlugin.swift in Sources */ = {isa = PBXBuildFile; fileRef = 89B748D0012A17D1D041A7D4 /* StoreKitPlugin.swift */; };
		836A505332D11D8EDF3C0269 /* WatchConnectivityProvider.swift in Sources */ = {isa = PBXBuildFile; fileRef = 2298F39F86DDB5D59F277D22 /* WatchConnectivityProvider.swift */; };
		A4EA4C86200A6A93DC01B21A /* Assets.xcassets in Resources */ = {isa = PBXBuildFile; fileRef = 841BE3A17C65A90F52325B9A /* Assets.xcassets */; };
		A8C3C0454ED6A1DC94B605C6 /* APIClient.swift in Sources */ = {isa = PBXBuildFile; fileRef = DBE4FC5ED540303EC606CF75 /* APIClient.swift */; };
		AE9A232E5BDB9E503B8BD15C /* Shared.swift in Sources */ = {isa = PBXBuildFile; fileRef = 87FEA46FA81599F62F32F7AD /* Shared.swift */; };
		D7CC71E20C3791923A087DEA /* ContentView.swift in Sources */ = {isa = PBXBuildFile; fileRef = 0D1926C3F70368DE7D38B118 /* ContentView.swift */; };
		DF5B9C6DC71216D124870DCE /* PureTypeWatch.app in Embed Watch Content */ = {isa = PBXBuildFile; fileRef = 1CC91C269FF7BF16D7E550E3 /* PureTypeWatch.app */; settings = {ATTRIBUTES = (RemoveHeadersOnCopy, ); }; };
		E1153CA31B92273FE04D6FF6 /* Foundation.framework in Frameworks */ = {isa = PBXBuildFile; fileRef = FBBC6ACACE2EEBD85CEBC393 /* Foundation.framework */; };
		E39408D6AFC0757C21746441 /* AudioRecorder.swift in Sources */ = {isa = PBXBuildFile; fileRef = DBF404D1670368AA85E88E76 /* AudioRecorder.swift */; };
		E46B0016E5DA4DAE711DA216 /* TokenRender.swift in Sources */ = {isa = PBXBuildFile; fileRef = CF9EAB82246C890C0CA3D0CE /* TokenRender.swift */; };
		E941C0DF5A4512839FA4C106 /* TaskStore.swift in Sources */ = {isa = PBXBuildFile; fileRef = 5DF027C5475969D11E3C7940 /* TaskStore.swift */; };
		EE5051000000000000000008 /* WKWebView+NoAccessory.swift in Sources */ = {isa = PBXBuildFile; fileRef = EE5051000000000000000007 /* WKWebView+NoAccessory.swift */; };
		EE5051000000000000000010 /* KeyboardPrewarmer.swift in Sources */ = {isa = PBXBuildFile; fileRef = EE5051000000000000000009 /* KeyboardPrewarmer.swift */; };
		FA4958845934A5501E1EEADE /* Shared.swift in Sources */ = {isa = PBXBuildFile; fileRef = 4B8593A8E425740D78E0A4CD /* Shared.swift */; };
		FFE4D29901B5D918D516B4F9 /* WatchSessionBridge.swift in Sources */ = {isa = PBXBuildFile; fileRef = FB1565D5C3CC5A674D1BAA3D /* WatchSessionBridge.swift */; };
/* End PBXBuildFile section */

/* Begin PBXContainerItemProxy section */
		4D1F4CC1B45EC83EA27826D3 /* PBXContainerItemProxy */ = {
			isa = PBXContainerItemProxy;
			containerPortal = 504EC2FC1FED79650016851F /* Project object */;
			proxyType = 1;
			remoteGlobalIDString = D8DEB798CD4F31A0451D575D;
			remoteInfo = PureTypeWatch;
		};
		F06D1BD79DF1CAF657F45A7A /* PBXContainerItemProxy */ = {
			isa = PBXContainerItemProxy;
			containerPortal = 504EC2FC1FED79650016851F /* Project object */;
			proxyType = 1;
			remoteGlobalIDString = D66728B8E87AAE76B5819DC7;
			remoteInfo = PureTypeWatchWidget;
		};
/* End PBXContainerItemProxy section */

/* Begin PBXCopyFilesBuildPhase section */
		09D0EF2C70ADCA838E6F361A /* Embed Watch Content */ = {
			isa = PBXCopyFilesBuildPhase;
			buildActionMask = 2147483647;
			dstPath = "$(CONTENTS_FOLDER_PATH)/Watch";
			dstSubfolderSpec = 16;
			files = (
			);
			name = "Embed Watch Content";
			runOnlyForDeploymentPostprocessing = 0;
		};
		3BC8A4A3989E21F8C1D58966 /* Embed Watch Content */ = {
			isa = PBXCopyFilesBuildPhase;
			buildActionMask = 2147483647;
			dstPath = "$(CONTENTS_FOLDER_PATH)/Watch";
			dstSubfolderSpec = 16;
			files = (
			);
			name = "Embed Watch Content";
			runOnlyForDeploymentPostprocessing = 0;
		};
		862E7E8D2C6BB64E8289BA1C /* Embed Foundation Extensions */ = {
			isa = PBXCopyFilesBuildPhase;
			buildActionMask = 2147483647;
			dstPath = "";
			dstSubfolderSpec = 13;
			files = (
				0611DE626BEA95733CC6064C /* PureTypeWatchWidget.appex in Embed Foundation Extensions */,
			);
			name = "Embed Foundation Extensions";
			runOnlyForDeploymentPostprocessing = 0;
		};
		CA0C32452663B22EA292C3E7 /* Embed Watch Content */ = {
			isa = PBXCopyFilesBuildPhase;
			buildActionMask = 2147483647;
			dstPath = "$(CONTENTS_FOLDER_PATH)/Watch";
			dstSubfolderSpec = 16;
			files = (
				DF5B9C6DC71216D124870DCE /* PureTypeWatch.app in Embed Watch Content */,
			);
			name = "Embed Watch Content";
			runOnlyForDeploymentPostprocessing = 0;
		};
/* End PBXCopyFilesBuildPhase section */

/* Begin PBXFileReference section */
		0D1926C3F70368DE7D38B118 /* ContentView.swift */ = {isa = PBXFileReference; includeInIndex = 1; lastKnownFileType = sourcecode.swift; name = ContentView.swift; path = ../../WatchApp/ContentView.swift; sourceTree = "<group>"; };
		0D9460DBD57F1B2570E4EA9C /* Assets.xcassets */ = {isa = PBXFileReference; includeInIndex = 1; lastKnownFileType = folder.assetcatalog; name = Assets.xcassets; path = ../../WatchWidget/Assets.xcassets; sourceTree = "<group>"; };
		1CC91C269FF7BF16D7E550E3 /* PureTypeWatch.app */ = {isa = PBXFileReference; explicitFileType = wrapper.application; includeInIndex = 0; path = PureTypeWatch.app; sourceTree = BUILT_PRODUCTS_DIR; };
		1F2EFD5D066700C36F70671F /* PureTypeWatchApp.swift */ = {isa = PBXFileReference; includeInIndex = 1; lastKnownFileType = sourcecode.swift; name = PureTypeWatchApp.swift; path = ../../WatchApp/PureTypeWatchApp.swift; sourceTree = "<group>"; };
		2254B133643F460289E005D9 /* PureTypeWidget.swift */ = {isa = PBXFileReference; includeInIndex = 1; lastKnownFileType = sourcecode.swift; name = PureTypeWidget.swift; path = ../../WatchWidget/PureTypeWidget.swift; sourceTree = "<group>"; };
		2298F39F86DDB5D59F277D22 /* WatchConnectivityProvider.swift */ = {isa = PBXFileReference; includeInIndex = 1; lastKnownFileType = sourcecode.swift; name = WatchConnectivityProvider.swift; path = ../../WatchApp/WatchConnectivityProvider.swift; sourceTree = "<group>"; };
		2FAD9762203C412B000D30F8 /* config.xml */ = {isa = PBXFileReference; lastKnownFileType = text.xml; path = config.xml; sourceTree = "<group>"; };
		46FAAF8F15FD6DDC8B580F75 /* AddTaskView.swift */ = {isa = PBXFileReference; includeInIndex = 1; lastKnownFileType = sourcecode.swift; name = AddTaskView.swift; path = ../../WatchApp/AddTaskView.swift; sourceTree = "<group>"; };
		4B8593A8E425740D78E0A4CD /* Shared.swift */ = {isa = PBXFileReference; includeInIndex = 1; lastKnownFileType = sourcecode.swift; name = Shared.swift; path = ../../WatchApp/Shared.swift; sourceTree = "<group>"; };
		50379B222058CBB4000EE86E /* capacitor.config.json */ = {isa = PBXFileReference; fileEncoding = 4; lastKnownFileType = text.json; path = capacitor.config.json; sourceTree = "<group>"; };
		504EC3041FED79650016851F /* PureType.app */ = {isa = PBXFileReference; explicitFileType = wrapper.application; includeInIndex = 0; path = PureType.app; sourceTree = BUILT_PRODUCTS_DIR; };
		504EC3071FED79650016851F /* AppDelegate.swift */ = {isa = PBXFileReference; lastKnownFileType = sourcecode.swift; path = AppDelegate.swift; sourceTree = "<group>"; };
		504EC30C1FED79650016851F /* Base */ = {isa = PBXFileReference; lastKnownFileType = file.storyboard; name = Base; path = Base.lproj/Main.storyboard; sourceTree = "<group>"; };
		504EC30E1FED79650016851F /* Assets.xcassets */ = {isa = PBXFileReference; lastKnownFileType = folder.assetcatalog; path = Assets.xcassets; sourceTree = "<group>"; };
		504EC3111FED79650016851F /* Base */ = {isa = PBXFileReference; lastKnownFileType = file.storyboard; name = Base; path = Base.lproj/LaunchScreen.storyboard; sourceTree = "<group>"; };
		504EC3131FED79650016851F /* Info.plist */ = {isa = PBXFileReference; lastKnownFileType = text.plist.xml; path = Info.plist; sourceTree = "<group>"; };
		50B271D01FEDC1A000F3C39B /* public */ = {isa = PBXFileReference; lastKnownFileType = folder; path = public; sourceTree = "<group>"; };
		5DF027C5475969D11E3C7940 /* TaskStore.swift */ = {isa = PBXFileReference; includeInIndex = 1; lastKnownFileType = sourcecode.swift; name = TaskStore.swift; path = ../../WatchApp/TaskStore.swift; sourceTree = "<group>"; };
		5F8F4E80A1F637230918137F /* PureTypeWatchWidget.appex */ = {isa = PBXFileReference; explicitFileType = "wrapper.app-extension"; includeInIndex = 0; path = PureTypeWatchWidget.appex; sourceTree = BUILT_PRODUCTS_DIR; };
		841BE3A17C65A90F52325B9A /* Assets.xcassets */ = {isa = PBXFileReference; includeInIndex = 1; lastKnownFileType = folder.assetcatalog; name = Assets.xcassets; path = ../../WatchApp/Assets.xcassets; sourceTree = "<group>"; };
		87FEA46FA81599F62F32F7AD /* Shared.swift */ = {isa = PBXFileReference; includeInIndex = 1; lastKnownFileType = sourcecode.swift; name = Shared.swift; path = ../../WatchApp/Shared.swift; sourceTree = "<group>"; };
		89B748D0012A17D1D041A7D4 /* StoreKitPlugin.swift */ = {isa = PBXFileReference; includeInIndex = 1; lastKnownFileType = sourcecode.swift; path = StoreKitPlugin.swift; sourceTree = "<group>"; };
		958DCC722DB07C7200EA8C5F /* debug.xcconfig */ = {isa = PBXFileReference; lastKnownFileType = text.xcconfig; name = debug.xcconfig; path = ../debug.xcconfig; sourceTree = SOURCE_ROOT; };
		CF9EAB82246C890C0CA3D0CE /* TokenRender.swift */ = {isa = PBXFileReference; includeInIndex = 1; lastKnownFileType = sourcecode.swift; name = TokenRender.swift; path = ../../WatchApp/TokenRender.swift; sourceTree = "<group>"; };
		D25093D58DE4A256F1126407 /* VoiceView.swift */ = {isa = PBXFileReference; includeInIndex = 1; lastKnownFileType = sourcecode.swift; name = VoiceView.swift; path = ../../WatchApp/VoiceView.swift; sourceTree = "<group>"; };
		DBE4FC5ED540303EC606CF75 /* APIClient.swift */ = {isa = PBXFileReference; includeInIndex = 1; lastKnownFileType = sourcecode.swift; name = APIClient.swift; path = ../../WatchApp/APIClient.swift; sourceTree = "<group>"; };
		DBF404D1670368AA85E88E76 /* AudioRecorder.swift */ = {isa = PBXFileReference; includeInIndex = 1; lastKnownFileType = sourcecode.swift; name = AudioRecorder.swift; path = ../../WatchApp/AudioRecorder.swift; sourceTree = "<group>"; };
		EE5051000000000000000007 /* WKWebView+NoAccessory.swift */ = {isa = PBXFileReference; lastKnownFileType = sourcecode.swift; path = "WKWebView+NoAccessory.swift"; sourceTree = "<group>"; };
		EE5051000000000000000009 /* KeyboardPrewarmer.swift */ = {isa = PBXFileReference; lastKnownFileType = sourcecode.swift; path = KeyboardPrewarmer.swift; sourceTree = "<group>"; };
		EE505100000000000000000B /* App.entitlements */ = {isa = PBXFileReference; lastKnownFileType = text.plist.entitlements; path = App.entitlements; sourceTree = "<group>"; };
		FB1565D5C3CC5A674D1BAA3D /* WatchSessionBridge.swift */ = {isa = PBXFileReference; includeInIndex = 1; lastKnownFileType = sourcecode.swift; path = WatchSessionBridge.swift; sourceTree = "<group>"; };
		FBBC6ACACE2EEBD85CEBC393 /* Foundation.framework */ = {isa = PBXFileReference; lastKnownFileType = wrapper.framework; name = Foundation.framework; path = Platforms/WatchOS.platform/Developer/SDKs/WatchOS11.0.sdk/System/Library/Frameworks/Foundation.framework; sourceTree = DEVELOPER_DIR; };
/* End PBXFileReference section */

/* Begin PBXFrameworksBuildPhase section */
		504EC3011FED79650016851F /* Frameworks */ = {
			isa = PBXFrameworksBuildPhase;
			buildActionMask = 2147483647;
			files = (
				4D22ABE92AF431CB00220026 /* CapApp-SPM in Frameworks */,
			);
			runOnlyForDeploymentPostprocessing = 0;
		};
		AA7AA682823FA04D999471F5 /* Frameworks */ = {
			isa = PBXFrameworksBuildPhase;
			buildActionMask = 2147483647;
			files = (
				E1153CA31B92273FE04D6FF6 /* Foundation.framework in Frameworks */,
			);
			runOnlyForDeploymentPostprocessing = 0;
		};
		D35D8A44FEABEE4D586339B6 /* Frameworks */ = {
			isa = PBXFrameworksBuildPhase;
			buildActionMask = 2147483647;
			files = (
				0254E98C879735D43C827606 /* Foundation.framework in Frameworks */,
			);
			runOnlyForDeploymentPostprocessing = 0;
		};
/* End PBXFrameworksBuildPhase section */

/* Begin PBXGroup section */
		504EC2FB1FED79650016851F = {
			isa = PBXGroup;
			children = (
				958DCC722DB07C7200EA8C5F /* debug.xcconfig */,
				504EC3061FED79650016851F /* App */,
				504EC3051FED79650016851F /* Products */,
				9CD78D3026758BBC6791D5F5 /* Frameworks */,
				8D744DF70AC7268DACCC3ACE /* PureTypeWatchWidget */,
				71DF95DD1F35A3E8AFF0305D /* PureTypeWatch */,
			);
			sourceTree = "<group>";
		};
		504EC3051FED79650016851F /* Products */ = {
			isa = PBXGroup;
			children = (
				504EC3041FED79650016851F /* PureType.app */,
				5F8F4E80A1F637230918137F /* PureTypeWatchWidget.appex */,
				1CC91C269FF7BF16D7E550E3 /* PureTypeWatch.app */,
			);
			name = Products;
			sourceTree = "<group>";
		};
		504EC3061FED79650016851F /* App */ = {
			isa = PBXGroup;
			children = (
				50379B222058CBB4000EE86E /* capacitor.config.json */,
				504EC3071FED79650016851F /* AppDelegate.swift */,
				EE5051000000000000000007 /* WKWebView+NoAccessory.swift */,
				EE5051000000000000000009 /* KeyboardPrewarmer.swift */,
				504EC30B1FED79650016851F /* Main.storyboard */,
				504EC30E1FED79650016851F /* Assets.xcassets */,
				504EC3101FED79650016851F /* LaunchScreen.storyboard */,
				504EC3131FED79650016851F /* Info.plist */,
				EE505100000000000000000B /* App.entitlements */,
				2FAD9762203C412B000D30F8 /* config.xml */,
				50B271D01FEDC1A000F3C39B /* public */,
				FB1565D5C3CC5A674D1BAA3D /* WatchSessionBridge.swift */,
				89B748D0012A17D1D041A7D4 /* StoreKitPlugin.swift */,
			);
			path = App;
			sourceTree = "<group>";
		};
		6ED7CC7B9A96CE64B634A00E /* watchOS */ = {
			isa = PBXGroup;
			children = (
				FBBC6ACACE2EEBD85CEBC393 /* Foundation.framework */,
			);
			name = watchOS;
			sourceTree = "<group>";
		};
		71DF95DD1F35A3E8AFF0305D /* PureTypeWatch */ = {
			isa = PBXGroup;
			children = (
				87FEA46FA81599F62F32F7AD /* Shared.swift */,
				CF9EAB82246C890C0CA3D0CE /* TokenRender.swift */,
				DBE4FC5ED540303EC606CF75 /* APIClient.swift */,
				5DF027C5475969D11E3C7940 /* TaskStore.swift */,
				2298F39F86DDB5D59F277D22 /* WatchConnectivityProvider.swift */,
				DBF404D1670368AA85E88E76 /* AudioRecorder.swift */,
				D25093D58DE4A256F1126407 /* VoiceView.swift */,
				46FAAF8F15FD6DDC8B580F75 /* AddTaskView.swift */,
				0D1926C3F70368DE7D38B118 /* ContentView.swift */,
				1F2EFD5D066700C36F70671F /* PureTypeWatchApp.swift */,
				841BE3A17C65A90F52325B9A /* Assets.xcassets */,
			);
			name = PureTypeWatch;
			path = App/WatchApp;
			sourceTree = "<group>";
		};
		8D744DF70AC7268DACCC3ACE /* PureTypeWatchWidget */ = {
			isa = PBXGroup;
			children = (
				4B8593A8E425740D78E0A4CD /* Shared.swift */,
				2254B133643F460289E005D9 /* PureTypeWidget.swift */,
				0D9460DBD57F1B2570E4EA9C /* Assets.xcassets */,
			);
			name = PureTypeWatchWidget;
			path = App/PureTypeWatchWidget;
			sourceTree = "<group>";
		};
		9CD78D3026758BBC6791D5F5 /* Frameworks */ = {
			isa = PBXGroup;
			children = (
				6ED7CC7B9A96CE64B634A00E /* watchOS */,
			);
			name = Frameworks;
			sourceTree = "<group>";
		};
/* End PBXGroup section */

/* Begin PBXNativeTarget section */
		504EC3031FED79650016851F /* PureType */ = {
			isa = PBXNativeTarget;
			buildConfigurationList = 504EC3161FED79650016851F /* Build configuration list for PBXNativeTarget "PureType" */;
			buildPhases = (
				504EC3001FED79650016851F /* Sources */,
				504EC3011FED79650016851F /* Frameworks */,
				504EC3021FED79650016851F /* Resources */,
				09D0EF2C70ADCA838E6F361A /* Embed Watch Content */,
				3BC8A4A3989E21F8C1D58966 /* Embed Watch Content */,
				CA0C32452663B22EA292C3E7 /* Embed Watch Content */,
			);
			buildRules = (
			);
			dependencies = (
				980AE71D9DA0671CA9348AA7 /* PBXTargetDependency */,
			);
			name = PureType;
			packageProductDependencies = (
				4D22ABE82AF431CB00220026 /* CapApp-SPM */,
			);
			productName = App;
			productReference = 504EC3041FED79650016851F /* PureType.app */;
			productType = "com.apple.product-type.application";
		};
		D66728B8E87AAE76B5819DC7 /* PureTypeWatchWidget */ = {
			isa = PBXNativeTarget;
			buildConfigurationList = 821A19286A4CAD63A1DF0D95 /* Build configuration list for PBXNativeTarget "PureTypeWatchWidget" */;
			buildPhases = (
				8CB0EBDF90BD6749EF4F73AA /* Sources */,
				AA7AA682823FA04D999471F5 /* Frameworks */,
				EA36324636CC851068536FCD /* Resources */,
			);
			buildRules = (
			);
			dependencies = (
			);
			name = PureTypeWatchWidget;
			productName = PureTypeWatchWidget;
			productReference = 5F8F4E80A1F637230918137F /* PureTypeWatchWidget.appex */;
			productType = "com.apple.product-type.app-extension";
		};
		D8DEB798CD4F31A0451D575D /* PureTypeWatch */ = {
			isa = PBXNativeTarget;
			buildConfigurationList = BF3386C6B773EBC78353F422 /* Build configuration list for PBXNativeTarget "PureTypeWatch" */;
			buildPhases = (
				0F9C533B4C32E1634FB47C01 /* Sources */,
				D35D8A44FEABEE4D586339B6 /* Frameworks */,
				0BDECD65CEE2F2C545CD12D6 /* Resources */,
				862E7E8D2C6BB64E8289BA1C /* Embed Foundation Extensions */,
			);
			buildRules = (
			);
			dependencies = (
				9651BFB37ABFABC70D6144E6 /* PBXTargetDependency */,
			);
			name = PureTypeWatch;
			productName = PureTypeWatch;
			productReference = 1CC91C269FF7BF16D7E550E3 /* PureTypeWatch.app */;
			productType = "com.apple.product-type.application";
		};
/* End PBXNativeTarget section */

/* Begin PBXProject section */
		504EC2FC1FED79650016851F /* Project object */ = {
			isa = PBXProject;
			attributes = {
				LastSwiftUpdateCheck = 0920;
				LastUpgradeCheck = 0920;
				TargetAttributes = {
					504EC3031FED79650016851F = {
						CreatedOnToolsVersion = 9.2;
						LastSwiftMigration = 1100;
						ProvisioningStyle = Automatic;
					};
				};
			};
			buildConfigurationList = 504EC2FF1FED79650016851F /* Build configuration list for PBXProject "App" */;
			compatibilityVersion = "Xcode 8.0";
			developmentRegion = en;
			hasScannedForEncodings = 0;
			knownRegions = (
				en,
				Base,
			);
			mainGroup = 504EC2FB1FED79650016851F;
			packageReferences = (
				D4C12C0A2AAA248700AAC8A2 /* XCLocalSwiftPackageReference "CapApp-SPM" */,
			);
			productRefGroup = 504EC3051FED79650016851F /* Products */;
			projectDirPath = "";
			projectRoot = "";
			targets = (
				504EC3031FED79650016851F /* PureType */,
				D66728B8E87AAE76B5819DC7 /* PureTypeWatchWidget */,
				D8DEB798CD4F31A0451D575D /* PureTypeWatch */,
			);
		};
/* End PBXProject section */

/* Begin PBXResourcesBuildPhase section */
		0BDECD65CEE2F2C545CD12D6 /* Resources */ = {
			isa = PBXResourcesBuildPhase;
			buildActionMask = 2147483647;
			files = (
				A4EA4C86200A6A93DC01B21A /* Assets.xcassets in Resources */,
			);
			runOnlyForDeploymentPostprocessing = 0;
		};
		504EC3021FED79650016851F /* Resources */ = {
			isa = PBXResourcesBuildPhase;
			buildActionMask = 2147483647;
			files = (
				504EC3121FED79650016851F /* LaunchScreen.storyboard in Resources */,
				50B271D11FEDC1A000F3C39B /* public in Resources */,
				504EC30F1FED79650016851F /* Assets.xcassets in Resources */,
				50379B232058CBB4000EE86E /* capacitor.config.json in Resources */,
				504EC30D1FED79650016851F /* Main.storyboard in Resources */,
				2FAD9763203C412B000D30F8 /* config.xml in Resources */,
			);
			runOnlyForDeploymentPostprocessing = 0;
		};
		EA36324636CC851068536FCD /* Resources */ = {
			isa = PBXResourcesBuildPhase;
			buildActionMask = 2147483647;
			files = (
				5F28A420AC74FBB273F0EBDF /* Assets.xcassets in Resources */,
			);
			runOnlyForDeploymentPostprocessing = 0;
		};
/* End PBXResourcesBuildPhase section */

/* Begin PBXSourcesBuildPhase section */
		0F9C533B4C32E1634FB47C01 /* Sources */ = {
			isa = PBXSourcesBuildPhase;
			buildActionMask = 2147483647;
			files = (
				AE9A232E5BDB9E503B8BD15C /* Shared.swift in Sources */,
				E46B0016E5DA4DAE711DA216 /* TokenRender.swift in Sources */,
				A8C3C0454ED6A1DC94B605C6 /* APIClient.swift in Sources */,
				E941C0DF5A4512839FA4C106 /* TaskStore.swift in Sources */,
				836A505332D11D8EDF3C0269 /* WatchConnectivityProvider.swift in Sources */,
				E39408D6AFC0757C21746441 /* AudioRecorder.swift in Sources */,
				05D796CFC76FB6BB619BD122 /* VoiceView.swift in Sources */,
				2CB4BEEC7C4526E4053C3E1D /* AddTaskView.swift in Sources */,
				D7CC71E20C3791923A087DEA /* ContentView.swift in Sources */,
				66F1796345DA9DBC6F6D1D1F /* PureTypeWatchApp.swift in Sources */,
			);
			runOnlyForDeploymentPostprocessing = 0;
		};
		504EC3001FED79650016851F /* Sources */ = {
			isa = PBXSourcesBuildPhase;
			buildActionMask = 2147483647;
			files = (
				504EC3081FED79650016851F /* AppDelegate.swift in Sources */,
				EE5051000000000000000008 /* WKWebView+NoAccessory.swift in Sources */,
				EE5051000000000000000010 /* KeyboardPrewarmer.swift in Sources */,
				FFE4D29901B5D918D516B4F9 /* WatchSessionBridge.swift in Sources */,
				7B31BD505CFBA264AF1E53E8 /* StoreKitPlugin.swift in Sources */,
			);
			runOnlyForDeploymentPostprocessing = 0;
		};
		8CB0EBDF90BD6749EF4F73AA /* Sources */ = {
			isa = PBXSourcesBuildPhase;
			buildActionMask = 2147483647;
			files = (
				FA4958845934A5501E1EEADE /* Shared.swift in Sources */,
				1DA90A28264778B09BD9A502 /* PureTypeWidget.swift in Sources */,
			);
			runOnlyForDeploymentPostprocessing = 0;
		};
/* End PBXSourcesBuildPhase section */

/* Begin PBXTargetDependency section */
		9651BFB37ABFABC70D6144E6 /* PBXTargetDependency */ = {
			isa = PBXTargetDependency;
			name = PureTypeWatchWidget;
			target = D66728B8E87AAE76B5819DC7 /* PureTypeWatchWidget */;
			targetProxy = F06D1BD79DF1CAF657F45A7A /* PBXContainerItemProxy */;
		};
		980AE71D9DA0671CA9348AA7 /* PBXTargetDependency */ = {
			isa = PBXTargetDependency;
			name = PureTypeWatch;
			target = D8DEB798CD4F31A0451D575D /* PureTypeWatch */;
			targetProxy = 4D1F4CC1B45EC83EA27826D3 /* PBXContainerItemProxy */;
		};
/* End PBXTargetDependency section */

/* Begin PBXVariantGroup section */
		504EC30B1FED79650016851F /* Main.storyboard */ = {
			isa = PBXVariantGroup;
			children = (
				504EC30C1FED79650016851F /* Base */,
			);
			name = Main.storyboard;
			sourceTree = "<group>";
		};
		504EC3101FED79650016851F /* LaunchScreen.storyboard */ = {
			isa = PBXVariantGroup;
			children = (
				504EC3111FED79650016851F /* Base */,
			);
			name = LaunchScreen.storyboard;
			sourceTree = "<group>";
		};
/* End PBXVariantGroup section */

/* Begin XCBuildConfiguration section */
		504EC3141FED79650016851F /* Debug */ = {
			isa = XCBuildConfiguration;
			baseConfigurationReference = 958DCC722DB07C7200EA8C5F /* debug.xcconfig */;
			buildSettings = {
				ALWAYS_SEARCH_USER_PATHS = NO;
				CLANG_ANALYZER_NONNULL = YES;
				CLANG_ANALYZER_NUMBER_OBJECT_CONVERSION = YES_AGGRESSIVE;
				CLANG_CXX_LANGUAGE_STANDARD = "gnu++14";
				CLANG_CXX_LIBRARY = "libc++";
				CLANG_ENABLE_MODULES = YES;
				CLANG_ENABLE_OBJC_ARC = YES;
				CLANG_WARN_BLOCK_CAPTURE_AUTORELEASING = YES;
				CLANG_WARN_BOOL_CONVERSION = YES;
				CLANG_WARN_COMMA = YES;
				CLANG_WARN_CONSTANT_CONVERSION = YES;
				CLANG_WARN_DIRECT_OBJC_ISA_USAGE = YES_ERROR;
				CLANG_WARN_DOCUMENTATION_COMMENTS = YES;
				CLANG_WARN_EMPTY_BODY = YES;
				CLANG_WARN_ENUM_CONVERSION = YES;
				CLANG_WARN_INFINITE_RECURSION = YES;
				CLANG_WARN_INT_CONVERSION = YES;
				CLANG_WARN_NON_LITERAL_NULL_CONVERSION = YES;
				CLANG_WARN_OBJC_LITERAL_CONVERSION = YES;
				CLANG_WARN_OBJC_ROOT_CLASS = YES_ERROR;
				CLANG_WARN_RANGE_LOOP_ANALYSIS = YES;
				CLANG_WARN_STRICT_PROTOTYPES = YES;
				CLANG_WARN_SUSPICIOUS_MOVE = YES;
				CLANG_WARN_UNGUARDED_AVAILABILITY = YES_AGGRESSIVE;
				CLANG_WARN_UNREACHABLE_CODE = YES;
				CLANG_WARN__DUPLICATE_METHOD_MATCH = YES;
				CODE_SIGN_IDENTITY = "iPhone Developer";
				COPY_PHASE_STRIP = NO;
				DEBUG_INFORMATION_FORMAT = dwarf;
				ENABLE_STRICT_OBJC_MSGSEND = YES;
				ENABLE_TESTABILITY = YES;
				GCC_C_LANGUAGE_STANDARD = gnu11;
				GCC_DYNAMIC_NO_PIC = NO;
				GCC_NO_COMMON_BLOCKS = YES;
				GCC_OPTIMIZATION_LEVEL = 0;
				GCC_PREPROCESSOR_DEFINITIONS = (
					"DEBUG=1",
					"$(inherited)",
				);
				GCC_WARN_64_TO_32_BIT_CONVERSION = YES;
				GCC_WARN_ABOUT_RETURN_TYPE = YES_ERROR;
				GCC_WARN_UNDECLARED_SELECTOR = YES;
				GCC_WARN_UNINITIALIZED_AUTOS = YES_AGGRESSIVE;
				GCC_WARN_UNUSED_FUNCTION = YES;
				GCC_WARN_UNUSED_VARIABLE = YES;
				IPHONEOS_DEPLOYMENT_TARGET = 15.0;
				MTL_ENABLE_DEBUG_INFO = YES;
				ONLY_ACTIVE_ARCH = YES;
				SDKROOT = iphoneos;
				SWIFT_ACTIVE_COMPILATION_CONDITIONS = DEBUG;
				SWIFT_OPTIMIZATION_LEVEL = "-Onone";
			};
			name = Debug;
		};
		504EC3151FED79650016851F /* Release */ = {
			isa = XCBuildConfiguration;
			buildSettings = {
				ALWAYS_SEARCH_USER_PATHS = NO;
				CLANG_ANALYZER_NONNULL = YES;
				CLANG_ANALYZER_NUMBER_OBJECT_CONVERSION = YES_AGGRESSIVE;
				CLANG_CXX_LANGUAGE_STANDARD = "gnu++14";
				CLANG_CXX_LIBRARY = "libc++";
				CLANG_ENABLE_MODULES = YES;
				CLANG_ENABLE_OBJC_ARC = YES;
				CLANG_WARN_BLOCK_CAPTURE_AUTORELEASING = YES;
				CLANG_WARN_BOOL_CONVERSION = YES;
				CLANG_WARN_COMMA = YES;
				CLANG_WARN_CONSTANT_CONVERSION = YES;
				CLANG_WARN_DIRECT_OBJC_ISA_USAGE = YES_ERROR;
				CLANG_WARN_DOCUMENTATION_COMMENTS = YES;
				CLANG_WARN_EMPTY_BODY = YES;
				CLANG_WARN_ENUM_CONVERSION = YES;
				CLANG_WARN_INFINITE_RECURSION = YES;
				CLANG_WARN_INT_CONVERSION = YES;
				CLANG_WARN_NON_LITERAL_NULL_CONVERSION = YES;
				CLANG_WARN_OBJC_LITERAL_CONVERSION = YES;
				CLANG_WARN_OBJC_ROOT_CLASS = YES_ERROR;
				CLANG_WARN_RANGE_LOOP_ANALYSIS = YES;
				CLANG_WARN_STRICT_PROTOTYPES = YES;
				CLANG_WARN_SUSPICIOUS_MOVE = YES;
				CLANG_WARN_UNGUARDED_AVAILABILITY = YES_AGGRESSIVE;
				CLANG_WARN_UNREACHABLE_CODE = YES;
				CLANG_WARN__DUPLICATE_METHOD_MATCH = YES;
				CODE_SIGN_IDENTITY = "iPhone Developer";
				COPY_PHASE_STRIP = NO;
				DEBUG_INFORMATION_FORMAT = "dwarf-with-dsym";
				ENABLE_NS_ASSERTIONS = NO;
				ENABLE_STRICT_OBJC_MSGSEND = YES;
				GCC_C_LANGUAGE_STANDARD = gnu11;
				GCC_NO_COMMON_BLOCKS = YES;
				GCC_WARN_64_TO_32_BIT_CONVERSION = YES;
				GCC_WARN_ABOUT_RETURN_TYPE = YES_ERROR;
				GCC_WARN_UNDECLARED_SELECTOR = YES;
				GCC_WARN_UNINITIALIZED_AUTOS = YES_AGGRESSIVE;
				GCC_WARN_UNUSED_FUNCTION = YES;
				GCC_WARN_UNUSED_VARIABLE = YES;
				IPHONEOS_DEPLOYMENT_TARGET = 15.0;
				MTL_ENABLE_DEBUG_INFO = NO;
				SDKROOT = iphoneos;
				SWIFT_COMPILATION_MODE = wholemodule;
				SWIFT_OPTIMIZATION_LEVEL = "-O";
				VALIDATE_PRODUCT = YES;
			};
			name = Release;
		};
		504EC3171FED79650016851F /* Debug */ = {
			isa = XCBuildConfiguration;
			baseConfigurationReference = 958DCC722DB07C7200EA8C5F /* debug.xcconfig */;
			buildSettings = {
				ASSETCATALOG_COMPILER_APPICON_NAME = AppIcon;
				CODE_SIGN_ENTITLEMENTS = App/App.entitlements;
				CODE_SIGN_STYLE = Automatic;
				CURRENT_PROJECT_VERSION = 1;
				DEVELOPMENT_TEAM = 464K6UHCU4;
				INFOPLIST_FILE = App/Info.plist;
				IPHONEOS_DEPLOYMENT_TARGET = 15.0;
				LD_RUNPATH_SEARCH_PATHS = (
					"$(inherited)",
					"@executable_path/Frameworks",
				);
				MARKETING_VERSION = 1.0;
				OTHER_SWIFT_FLAGS = "$(inherited) \"-D\" \"COCOAPODS\" \"-DDEBUG\"";
				PRODUCT_BUNDLE_IDENTIFIER = app.puretype;
				PRODUCT_NAME = "$(TARGET_NAME)";
				SWIFT_ACTIVE_COMPILATION_CONDITIONS = DEBUG;
				SWIFT_VERSION = 5.0;
				TARGETED_DEVICE_FAMILY = "1,2";
			};
			name = Debug;
		};
		504EC3181FED79650016851F /* Release */ = {
			isa = XCBuildConfiguration;
			buildSettings = {
				ASSETCATALOG_COMPILER_APPICON_NAME = AppIcon;
				CODE_SIGN_ENTITLEMENTS = App/App.entitlements;
				CODE_SIGN_IDENTITY = "Apple Distribution";
				CODE_SIGN_STYLE = Manual;
				CURRENT_PROJECT_VERSION = 1;
				DEVELOPMENT_TEAM = 464K6UHCU4;
				INFOPLIST_FILE = App/Info.plist;
				IPHONEOS_DEPLOYMENT_TARGET = 15.0;
				LD_RUNPATH_SEARCH_PATHS = (
					"$(inherited)",
					"@executable_path/Frameworks",
				);
				MARKETING_VERSION = 2.0.0;
				PRODUCT_BUNDLE_IDENTIFIER = app.puretype;
				PRODUCT_NAME = "$(TARGET_NAME)";
				PROVISIONING_PROFILE_SPECIFIER = "app.puretype AppStore";
				SWIFT_ACTIVE_COMPILATION_CONDITIONS = "";
				SWIFT_VERSION = 5.0;
				TARGETED_DEVICE_FAMILY = "1,2";
			};
			name = Release;
		};
		561B4BC122DAC00B8F5187BB /* Debug */ = {
			isa = XCBuildConfiguration;
			buildSettings = {
				ALWAYS_EMBED_SWIFT_STANDARD_LIBRARIES = YES;
				ASSETCATALOG_COMPILER_APPICON_NAME = AppIcon;
				ASSETCATALOG_COMPILER_GLOBAL_ACCENT_COLOR_NAME = AccentColor;
				CODE_SIGN_ENTITLEMENTS = WatchApp/WatchApp.entitlements;
				CODE_SIGN_STYLE = Automatic;
				CURRENT_PROJECT_VERSION = 1;
				DEVELOPMENT_TEAM = 464K6UHCU4;
				ENABLE_PREVIEWS = YES;
				GENERATE_INFOPLIST_FILE = NO;
				INFOPLIST_FILE = WatchApp/Info.plist;
				LD_RUNPATH_SEARCH_PATHS = (
					"$(inherited)",
					"@executable_path/Frameworks",
				);
				MARKETING_VERSION = 2.0.1;
				PRODUCT_BUNDLE_IDENTIFIER = app.puretype.watchkitapp;
				PRODUCT_NAME = "$(TARGET_NAME)";
				SDKROOT = watchos;
				SKIP_INSTALL = YES;
				SWIFT_EMIT_LOC_STRINGS = YES;
				SWIFT_VERSION = 5.0;
				TARGETED_DEVICE_FAMILY = 4;
				WATCHOS_DEPLOYMENT_TARGET = 10.0;
			};
			name = Debug;
		};
		59D366F541794A8CD6F6EED7 /* Release */ = {
			isa = XCBuildConfiguration;
			buildSettings = {
				ALWAYS_EMBED_SWIFT_STANDARD_LIBRARIES = YES;
				ASSETCATALOG_COMPILER_APPICON_NAME = AppIcon;
				ASSETCATALOG_COMPILER_GLOBAL_ACCENT_COLOR_NAME = AccentColor;
				CODE_SIGN_ENTITLEMENTS = WatchApp/WatchApp.entitlements;
				CODE_SIGN_STYLE = Manual;
				CURRENT_PROJECT_VERSION = 1;
				DEVELOPMENT_TEAM = 464K6UHCU4;
				ENABLE_PREVIEWS = YES;
				GENERATE_INFOPLIST_FILE = NO;
				INFOPLIST_FILE = WatchApp/Info.plist;
				LD_RUNPATH_SEARCH_PATHS = (
					"$(inherited)",
					"@executable_path/Frameworks",
				);
				MARKETING_VERSION = 2.0.1;
				PRODUCT_BUNDLE_IDENTIFIER = app.puretype.watchkitapp;
				PRODUCT_NAME = "$(TARGET_NAME)";
				SDKROOT = watchos;
				SKIP_INSTALL = YES;
				SWIFT_EMIT_LOC_STRINGS = YES;
				SWIFT_VERSION = 5.0;
				TARGETED_DEVICE_FAMILY = 4;
				VALIDATE_PRODUCT = YES;
				WATCHOS_DEPLOYMENT_TARGET = 10.0;
			};
			name = Release;
		};
		AF8500563641A1B5DEB1C9C1 /* Release */ = {
			isa = XCBuildConfiguration;
			buildSettings = {
				CODE_SIGN_ENTITLEMENTS = WatchWidget/WatchWidget.entitlements;
				CODE_SIGN_STYLE = Manual;
				CURRENT_PROJECT_VERSION = 1;
				DEVELOPMENT_TEAM = 464K6UHCU4;
				GENERATE_INFOPLIST_FILE = NO;
				INFOPLIST_FILE = WatchWidget/Info.plist;
				LD_RUNPATH_SEARCH_PATHS = (
					"$(inherited)",
					"@executable_path/Frameworks",
					"@executable_path/../../Frameworks",
				);
				MARKETING_VERSION = 2.0.1;
				PRODUCT_BUNDLE_IDENTIFIER = app.puretype.watchkitapp.widget;
				PRODUCT_NAME = "$(TARGET_NAME)";
				SDKROOT = watchos;
				SKIP_INSTALL = YES;
				SWIFT_EMIT_LOC_STRINGS = YES;
				SWIFT_VERSION = 5.0;
				TARGETED_DEVICE_FAMILY = 4;
				VALIDATE_PRODUCT = YES;
				WATCHOS_DEPLOYMENT_TARGET = 10.0;
			};
			name = Release;
		};
		F64F41A779A1174EDEDCFAEA /* Debug */ = {
			isa = XCBuildConfiguration;
			buildSettings = {
				CODE_SIGN_ENTITLEMENTS = WatchWidget/WatchWidget.entitlements;
				CODE_SIGN_STYLE = Automatic;
				CURRENT_PROJECT_VERSION = 1;
				DEVELOPMENT_TEAM = 464K6UHCU4;
				GENERATE_INFOPLIST_FILE = NO;
				INFOPLIST_FILE = WatchWidget/Info.plist;
				LD_RUNPATH_SEARCH_PATHS = (
					"$(inherited)",
					"@executable_path/Frameworks",
					"@executable_path/../../Frameworks",
				);
				MARKETING_VERSION = 2.0.1;
				PRODUCT_BUNDLE_IDENTIFIER = app.puretype.watchkitapp.widget;
				PRODUCT_NAME = "$(TARGET_NAME)";
				SDKROOT = watchos;
				SKIP_INSTALL = YES;
				SWIFT_EMIT_LOC_STRINGS = YES;
				SWIFT_VERSION = 5.0;
				TARGETED_DEVICE_FAMILY = 4;
				WATCHOS_DEPLOYMENT_TARGET = 10.0;
			};
			name = Debug;
		};
/* End XCBuildConfiguration section */

/* Begin XCConfigurationList section */
		504EC2FF1FED79650016851F /* Build configuration list for PBXProject "App" */ = {
			isa = XCConfigurationList;
			buildConfigurations = (
				504EC3141FED79650016851F /* Debug */,
				504EC3151FED79650016851F /* Release */,
			);
			defaultConfigurationIsVisible = 0;
			defaultConfigurationName = Release;
		};
		504EC3161FED79650016851F /* Build configuration list for PBXNativeTarget "PureType" */ = {
			isa = XCConfigurationList;
			buildConfigurations = (
				504EC3171FED79650016851F /* Debug */,
				504EC3181FED79650016851F /* Release */,
			);
			defaultConfigurationIsVisible = 0;
			defaultConfigurationName = Release;
		};
		821A19286A4CAD63A1DF0D95 /* Build configuration list for PBXNativeTarget "PureTypeWatchWidget" */ = {
			isa = XCConfigurationList;
			buildConfigurations = (
				AF8500563641A1B5DEB1C9C1 /* Release */,
				F64F41A779A1174EDEDCFAEA /* Debug */,
			);
			defaultConfigurationIsVisible = 0;
			defaultConfigurationName = Release;
		};
		BF3386C6B773EBC78353F422 /* Build configuration list for PBXNativeTarget "PureTypeWatch" */ = {
			isa = XCConfigurationList;
			buildConfigurations = (
				59D366F541794A8CD6F6EED7 /* Release */,
				561B4BC122DAC00B8F5187BB /* Debug */,
			);
			defaultConfigurationIsVisible = 0;
			defaultConfigurationName = Release;
		};
/* End XCConfigurationList section */

/* Begin XCLocalSwiftPackageReference section */
		D4C12C0A2AAA248700AAC8A2 /* XCLocalSwiftPackageReference "CapApp-SPM" */ = {
			isa = XCLocalSwiftPackageReference;
			relativePath = "CapApp-SPM";
		};
/* End XCLocalSwiftPackageReference section */

/* Begin XCSwiftPackageProductDependency section */
		4D22ABE82AF431CB00220026 /* CapApp-SPM */ = {
			isa = XCSwiftPackageProductDependency;
			package = D4C12C0A2AAA248700AAC8A2 /* XCLocalSwiftPackageReference "CapApp-SPM" */;
			productName = "CapApp-SPM";
		};
/* End XCSwiftPackageProductDependency section */
	};
	rootObject = 504EC2FC1FED79650016851F /* Project object */;
}
